// !$*UTF8*$!
{
	archiveVersion = 1;
	classes = {
	};
	objectVersion = 50;
	objects = {

/* Begin PBXBuildFile section */
		3F7152A921F8499B008A8DBA /* AppDelegate.swift in Sources */ = {isa = PBXBuildFile; fileRef = 3F7152A821F8499B008A8DBA /* AppDelegate.swift */; };
		3F7152AB21F8499B008A8DBA /* ViewController.swift in Sources */ = {isa = PBXBuildFile; fileRef = 3F7152AA21F8499B008A8DBA /* ViewController.swift */; };
		3F7152AE21F8499B008A8DBA /* Main.storyboard in Resources */ = {isa = PBXBuildFile; fileRef = 3F7152AC21F8499B008A8DBA /* Main.storyboard */; };
		3F7152B021F8499E008A8DBA /* Assets.xcassets in Resources */ = {isa = PBXBuildFile; fileRef = 3F7152AF21F8499E008A8DBA /* Assets.xcassets */; };
		3F7152B321F8499E008A8DBA /* LaunchScreen.storyboard in Resources */ = {isa = PBXBuildFile; fileRef = 3F7152B121F8499E008A8DBA /* LaunchScreen.storyboard */; };
		3F7152BE21F8499F008A8DBA /* tryGitTests.swift in Sources */ = {isa = PBXBuildFile; fileRef = 3F7152BD21F8499F008A8DBA /* tryGitTests.swift */; };
		3F7152C921F8499F008A8DBA /* tryGitUITests.swift in Sources */ = {isa = PBXBuildFile; fileRef = 3F7152C821F8499F008A8DBA /* tryGitUITests.swift */; };
/* End PBXBuildFile section */

/* Begin PBXContainerItemProxy section */
		3F7152BA21F8499F008A8DBA /* PBXContainerItemProxy */ = {
			isa = PBXContainerItemProxy;
			containerPortal = 3F71529D21F8499B008A8DBA /* Project object */;
			proxyType = 1;
			remoteGlobalIDString = 3F7152A421F8499B008A8DBA;
			remoteInfo = tryGit;
		};
		3F7152C521F8499F008A8DBA /* PBXContainerItemProxy */ = {
			isa = PBXContainerItemProxy;
			containerPortal = 3F71529D21F8499B008A8DBA /* Project object */;
			proxyType = 1;
			remoteGlobalIDString = 3F7152A421F8499B008A8DBA;
			remoteInfo = tryGit;
		};
/* End PBXContainerItemProxy section */

/* Begin PBXFileReference section */
		3F7152A521F8499B008A8DBA /* tryGit.app */ = {isa = PBXFileReference; explicitFileType = wrapper.application; includeInIndex = 0; path = tryGit.app; sourceTree = BUILT_PRODUCTS_DIR; };
		3F7152A821F8499B008A8DBA /* AppDelegate.swift */ = {isa = PBXFileReference; lastKnownFileType = sourcecode.swift; path = AppDelegate.swift; sourceTree = "<group>"; };
		3F7152AA21F8499B008A8DBA /* ViewController.swift */ = {isa = PBXFileReference; lastKnownFileType = sourcecode.swift; path = ViewController.swift; sourceTree = "<group>"; };
		3F7152AD21F8499B008A8DBA /* Base */ = {isa = PBXFileReference; lastKnownFileType = file.storyboard; name = Base; path = Base.lproj/Main.storyboard; sourceTree = "<group>"; };
		3F7152AF21F8499E008A8DBA /* Assets.xcassets */ = {isa = PBXFileReference; lastKnownFileType = folder.assetcatalog; path = Assets.xcassets; sourceTree = "<group>"; };
		3F7152B221F8499E008A8DBA /* Base */ = {isa = PBXFileReference; lastKnownFileType = file.storyboard; name = Base; path = Base.lproj/LaunchScreen.storyboard; sourceTree = "<group>"; };
		3F7152B421F8499F008A8DBA /* Info.plist */ = {isa = PBXFileReference; lastKnownFileType = text.plist.xml; path = Info.plist; sourceTree = "<group>"; };
		3F7152B921F8499F008A8DBA /* tryGitTests.xctest */ = {isa = PBXFileReference; explicitFileType = wrapper.cfbundle; includeInIndex = 0; path = tryGitTests.xctest; sourceTree = BUILT_PRODUCTS_DIR; };
		3F7152BD21F8499F008A8DBA /* tryGitTests.swift */ = {isa = PBXFileReference; lastKnownFileType = sourcecode.swift; path = tryGitTests.swift; sourceTree = "<group>"; };
		3F7152BF21F8499F008A8DBA /* Info.plist */ = {isa = PBXFileReference; lastKnownFileType = text.plist.xml; path = Info.plist; sourceTree = "<group>"; };
		3F7152C421F8499F008A8DBA /* tryGitUITests.xctest */ = {isa = PBXFileReference; explicitFileType = wrapper.cfbundle; includeInIndex = 0; path = tryGitUITests.xctest; sourceTree = BUILT_PRODUCTS_DIR; };
		3F7152C821F8499F008A8DBA /* tryGitUITests.swift */ = {isa = PBXFileReference; lastKnownFileType = sourcecode.swift; path = tryGitUITests.swift; sourceTree = "<group>"; };
		3F7152CA21F8499F008A8DBA /* Info.plist */ = {isa = PBXFileReference; lastKnownFileType = text.plist.xml; path = Info.plist; sourceTree = "<group>"; };
/* End PBXFileReference section */

/* Begin PBXFrameworksBuildPhase section */
		3F7152A221F8499B008A8DBA /* Frameworks */ = {
			isa = PBXFrameworksBuildPhase;
			buildActionMask = 2147483647;
			files = (
			);
			runOnlyForDeploymentPostprocessing = 0;
		};
		3F7152B621F8499F008A8DBA /* Frameworks */ = {
			isa = PBXFrameworksBuildPhase;
			buildActionMask = 2147483647;
			files = (
			);
			runOnlyForDeploymentPostprocessing = 0;
		};
		3F7152C121F8499F008A8DBA /* Frameworks */ = {
			isa = PBXFrameworksBuildPhase;
			buildActionMask = 2147483647;
			files = (
			);
			runOnlyForDeploymentPostprocessing = 0;
		};
/* End PBXFrameworksBuildPhase section */

/* Begin PBXGroup section */
		3F71529C21F8499B008A8DBA = {
			isa = PBXGroup;
			children = (
				3F7152A721F8499B008A8DBA /* tryGit */,
				3F7152BC21F8499F008A8DBA /* tryGitTests */,
				3F7152C721F8499F008A8DBA /* tryGitUITests */,
				3F7152A621F8499B008A8DBA /* Products */,
			);
			sourceTree = "<group>";
		};
		3F7152A621F8499B008A8DBA /* Products */ = {
			isa = PBXGroup;
			children = (
				3F7152A521F8499B008A8DBA /* tryGit.app */,
				3F7152B921F8499F008A8DBA /* tryGitTests.xctest */,
				3F7152C421F8499F008A8DBA /* tryGitUITests.xctest */,
			);
			name = Products;
			sourceTree = "<group>";
		};
		3F7152A721F8499B008A8DBA /* tryGit */ = {
			isa = PBXGroup;
			children = (
				3F7152A821F8499B008A8DBA /* AppDelegate.swift */,
				3F7152AA21F8499B008A8DBA /* ViewController.swift */,
				3F7152AC21F8499B008A8DBA /* Main.storyboard */,
				3F7152AF21F8499E008A8DBA /* Assets.xcassets */,
				3F7152B121F8499E008A8DBA /* LaunchScreen.storyboard */,
				3F7152B421F8499F008A8DBA /* Info.plist */,
			);
			path = tryGit;
			sourceTree = "<group>";
		};
		3F7152BC21F8499F008A8DBA /* tryGitTests */ = {
			isa = PBXGroup;
			children = (
				3F7152BD21F8499F008A8DBA /* tryGitTests.swift */,
				3F7152BF21F8499F008A8DBA /* Info.plist */,
			);
			path = tryGitTests;
			sourceTree = "<group>";
		};
		3F7152C721F8499F008A8DBA /* tryGitUITests */ = {
			isa = PBXGroup;
			children = (
				3F7152C821F8499F008A8DBA /* tryGitUITests.swift */,
				3F7152CA21F8499F008A8DBA /* Info.plist */,
			);
			path = tryGitUITests;
			sourceTree = "<group>";
		};
/* End PBXGroup section */

/* Begin PBXNativeTarget section */
		3F7152A421F8499B008A8DBA /* tryGit */ = {
			isa = PBXNativeTarget;
			buildConfigurationList = 3F7152CD21F8499F008A8DBA /* Build configuration list for PBXNativeTarget "tryGit" */;
			buildPhases = (
				3F7152A121F8499B008A8DBA /* Sources */,
				3F7152A221F8499B008A8DBA /* Frameworks */,
				3F7152A321F8499B008A8DBA /* Resources */,
			);
			buildRules = (
			);
			dependencies = (
			);
			name = tryGit;
			productName = tryGit;
			productReference = 3F7152A521F8499B008A8DBA /* tryGit.app */;
			productType = "com.apple.product-type.application";
		};
		3F7152B821F8499F008A8DBA /* tryGitTests */ = {
			isa = PBXNativeTarget;
			buildConfigurationList = 3F7152D021F8499F008A8DBA /* Build configuration list for PBXNativeTarget "tryGitTests" */;
			buildPhases = (
				3F7152B521F8499F008A8DBA /* Sources */,
				3F7152B621F8499F008A8DBA /* Frameworks */,
				3F7152B721F8499F008A8DBA /* Resources */,
			);
			buildRules = (
			);
			dependencies = (
				3F7152BB21F8499F008A8DBA /* PBXTargetDependency */,
			);
			name = tryGitTests;
			productName = tryGitTests;
			productReference = 3F7152B921F8499F008A8DBA /* tryGitTests.xctest */;
			productType = "com.apple.product-type.bundle.unit-test";
		};
		3F7152C321F8499F008A8DBA /* tryGitUITests */ = {
			isa = PBXNativeTarget;
			buildConfigurationList = 3F7152D321F8499F008A8DBA /* Build configuration list for PBXNativeTarget "tryGitUITests" */;
			buildPhases = (
				3F7152C021F8499F008A8DBA /* Sources */,
				3F7152C121F8499F008A8DBA /* Frameworks */,
				3F7152C221F8499F008A8DBA /* Resources */,
			);
			buildRules = (
			);
			dependencies = (
				3F7152C621F8499F008A8DBA /* PBXTargetDependency */,
			);
			name = tryGitUITests;
			productName = tryGitUITests;
			productReference = 3F7152C421F8499F008A8DBA /* tryGitUITests.xctest */;
			productType = "com.apple.product-type.bundle.ui-testing";
		};
/* End PBXNativeTarget section */

/* Begin PBXProject section */
		3F71529D21F8499B008A8DBA /* Project object */ = {
			isa = PBXProject;
			attributes = {
				LastSwiftUpdateCheck = 1000;
				LastUpgradeCheck = 1000;
				ORGANIZATIONNAME = studentCreative;
				TargetAttributes = {
					3F7152A421F8499B008A8DBA = {
						CreatedOnToolsVersion = 10.0;
					};
					3F7152B821F8499F008A8DBA = {
						CreatedOnToolsVersion = 10.0;
						TestTargetID = 3F7152A421F8499B008A8DBA;
					};
					3F7152C321F8499F008A8DBA = {
						CreatedOnToolsVersion = 10.0;
						TestTargetID = 3F7152A421F8499B008A8DBA;
					};
				};
			};
			buildConfigurationList = 3F7152A021F8499B008A8DBA /* Build configuration list for PBXProject "tryGit" */;
			compatibilityVersion = "Xcode 9.3";
			developmentRegion = en;
			hasScannedForEncodings = 0;
			knownRegions = (
				en,
				Base,
			);
			mainGroup = 3F71529C21F8499B008A8DBA;
			productRefGroup = 3F7152A621F8499B008A8DBA /* Products */;
			projectDirPath = "";
			projectRoot = "";
			targets = (
				3F7152A421F8499B008A8DBA /* tryGit */,
				3F7152B821F8499F008A8DBA /* tryGitTests */,
				3F7152C321F8499F008A8DBA /* tryGitUITests */,
			);
		};
/* End PBXProject section */

/* Begin PBXResourcesBuildPhase section */
		3F7152A321F8499B008A8DBA /* Resources */ = {
			isa = PBXResourcesBuildPhase;
			buildActionMask = 2147483647;
			files = (
				3F7152B321F8499E008A8DBA /* LaunchScreen.storyboard in Resources */,
				3F7152B021F8499E008A8DBA /* Assets.xcassets in Resources */,
				3F7152AE21F8499B008A8DBA /* Main.storyboard in Resources */,
			);
			runOnlyForDeploymentPostprocessing = 0;
		};
		3F7152B721F8499F008A8DBA /* Resources */ = {
			isa = PBXResourcesBuildPhase;
			buildActionMask = 2147483647;
			files = (
			);
			runOnlyForDeploymentPostprocessing = 0;
		};
		3F7152C221F8499F008A8DBA /* Resources */ = {
			isa = PBXResourcesBuildPhase;
			buildActionMask = 2147483647;
			files = (
			);
			runOnlyForDeploymentPostprocessing = 0;
		};
/* End PBXResourcesBuildPhase section */

/* Begin PBXSourcesBuildPhase section */
		3F7152A121F8499B008A8DBA /* Sources */ = {
			isa = PBXSourcesBuildPhase;
			buildActionMask = 2147483647;
			files = (
				3F7152AB21F8499B008A8DBA /* ViewController.swift in Sources */,
				3F7152A921F8499B008A8DBA /* AppDelegate.swift in Sources */,
			);
			runOnlyForDeploymentPostprocessing = 0;
		};
		3F7152B521F8499F008A8DBA /* Sources */ = {
			isa = PBXSourcesBuildPhase;
			buildActionMask = 2147483647;
			files = (
				3F7152BE21F8499F008A8DBA /* tryGitTests.swift in Sources */,
			);
			runOnlyForDeploymentPostprocessing = 0;
		};
		3F7152C021F8499F008A8DBA /* Sources */ = {
			isa = PBXSourcesBuildPhase;
			buildActionMask = 2147483647;
			files = (
				3F7152C921F8499F008A8DBA /* tryGitUITests.swift in Sources */,
			);
			runOnlyForDeploymentPostprocessing = 0;
		};
/* End PBXSourcesBuildPhase section */

/* Begin PBXTargetDependency section */
		3F7152BB21F8499F008A8DBA /* PBXTargetDependency */ = {
			isa = PBXTargetDependency;
			target = 3F7152A421F8499B008A8DBA /* tryGit */;
			targetProxy = 3F7152BA21F8499F008A8DBA /* PBXContainerItemProxy */;
		};
		3F7152C621F8499F008A8DBA /* PBXTargetDependency */ = {
			isa = PBXTargetDependency;
			target = 3F7152A421F8499B008A8DBA /* tryGit */;
			targetProxy = 3F7152C521F8499F008A8DBA /* PBXContainerItemProxy */;
		};
/* End PBXTargetDependency section */

/* Begin PBXVariantGroup section */
		3F7152AC21F8499B008A8DBA /* Main.storyboard */ = {
			isa = PBXVariantGroup;
			children = (
				3F7152AD21F8499B008A8DBA /* Base */,
			);
			name = Main.storyboard;
			sourceTree = "<group>";
		};
		3F7152B121F8499E008A8DBA /* LaunchScreen.storyboard */ = {
			isa = PBXVariantGroup;
			children = (
				3F7152B221F8499E008A8DBA /* Base */,
			);
			name = LaunchScreen.storyboard;
			sourceTree = "<group>";
		};
/* End PBXVariantGroup section */

/* Begin XCBuildConfiguration section */
		3F7152CB21F8499F008A8DBA /* Debug */ = {
			isa = XCBuildConfiguration;
			buildSettings = {
				ALWAYS_SEARCH_USER_PATHS = NO;
				CLANG_ANALYZER_NONNULL = YES;
				CLANG_ANALYZER_NUMBER_OBJECT_CONVERSION = YES_AGGRESSIVE;
				CLANG_CXX_LANGUAGE_STANDARD = "gnu++14";
				CLANG_CXX_LIBRARY = "libc++";
				CLANG_ENABLE_MODULES = YES;
				CLANG_ENABLE_OBJC_ARC = YES;
				CLANG_ENABLE_OBJC_WEAK = YES;
				CLANG_WARN_BLOCK_CAPTURE_AUTORELEASING = YES;
				CLANG_WARN_BOOL_CONVERSION = YES;
				CLANG_WARN_COMMA = YES;
				CLANG_WARN_CONSTANT_CONVERSION = YES;
				CLANG_WARN_DEPRECATED_OBJC_IMPLEMENTATIONS = YES;
				CLANG_WARN_DIRECT_OBJC_ISA_USAGE = YES_ERROR;
				CLANG_WARN_DOCUMENTATION_COMMENTS = YES;
				CLANG_WARN_EMPTY_BODY = YES;
				CLANG_WARN_ENUM_CONVERSION = YES;
				CLANG_WARN_INFINITE_RECURSION = YES;
				CLANG_WARN_INT_CONVERSION = YES;
				CLANG_WARN_NON_LITERAL_NULL_CONVERSION = YES;
				CLANG_WARN_OBJC_IMPLICIT_RETAIN_SELF = YES;
				CLANG_WARN_OBJC_LITERAL_CONVERSION = YES;
				CLANG_WARN_OBJC_ROOT_CLASS = YES_ERROR;
				CLANG_WARN_RANGE_LOOP_ANALYSIS = YES;
				CLANG_WARN_STRICT_PROTOTYPES = YES;
				CLANG_WARN_SUSPICIOUS_MOVE = YES;
				CLANG_WARN_UNGUARDED_AVAILABILITY = YES_AGGRESSIVE;
				CLANG_WARN_UNREACHABLE_CODE = YES;
				CLANG_WARN__DUPLICATE_METHOD_MATCH = YES;
				CODE_SIGN_IDENTITY = "iPhone Developer";
				COPY_PHASE_STRIP = NO;
				DEBUG_INFORMATION_FORMAT = dwarf;
				ENABLE_STRICT_OBJC_MSGSEND = YES;
				ENABLE_TESTABILITY = YES;
				GCC_C_LANGUAGE_STANDARD = gnu11;
				GCC_DYNAMIC_NO_PIC = NO;
				GCC_NO_COMMON_BLOCKS = YES;
				GCC_OPTIMIZATION_LEVEL = 0;
				GCC_PREPROCESSOR_DEFINITIONS = (
					"DEBUG=1",
					"$(inherited)",
				);
				GCC_WARN_64_TO_32_BIT_CONVERSION = YES;
				GCC_WARN_ABOUT_RETURN_TYPE = YES_ERROR;
				GCC_WARN_UNDECLARED_SELECTOR = YES;
				GCC_WARN_UNINITIALIZED_AUTOS = YES_AGGRESSIVE;
				GCC_WARN_UNUSED_FUNCTION = YES;
				GCC_WARN_UNUSED_VARIABLE = YES;
				IPHONEOS_DEPLOYMENT_TARGET = 12.0;
				MTL_ENABLE_DEBUG_INFO = INCLUDE_SOURCE;
				MTL_FAST_MATH = YES;
				ONLY_ACTIVE_ARCH = YES;
				SDKROOT = iphoneos;
				SWIFT_ACTIVE_COMPILATION_CONDITIONS = DEBUG;
				SWIFT_OPTIMIZATION_LEVEL = "-Onone";
			};
			name = Debug;
		};
		3F7152CC21F8499F008A8DBA /* Release */ = {
			isa = XCBuildConfiguration;
			buildSettings = {
				ALWAYS_SEARCH_USER_PATHS = NO;
				CLANG_ANALYZER_NONNULL = YES;
				CLANG_ANALYZER_NUMBER_OBJECT_CONVERSION = YES_AGGRESSIVE;
				CLANG_CXX_LANGUAGE_STANDARD = "gnu++14";
				CLANG_CXX_LIBRARY = "libc++";
				CLANG_ENABLE_MODULES = YES;
				CLANG_ENABLE_OBJC_ARC = YES;
				CLANG_ENABLE_OBJC_WEAK = YES;
				CLANG_WARN_BLOCK_CAPTURE_AUTORELEASING = YES;
				CLANG_WARN_BOOL_CONVERSION = YES;
				CLANG_WARN_COMMA = YES;
				CLANG_WARN_CONSTANT_CONVERSION = YES;
				CLANG_WARN_DEPRECATED_OBJC_IMPLEMENTATIONS = YES;
				CLANG_WARN_DIRECT_OBJC_ISA_USAGE = YES_ERROR;
				CLANG_WARN_DOCUMENTATION_COMMENTS = YES;
				CLANG_WARN_EMPTY_BODY = YES;
				CLANG_WARN_ENUM_CONVERSION = YES;
				CLANG_WARN_INFINITE_RECURSION = YES;
				CLANG_WARN_INT_CONVERSION = YES;
				CLANG_WARN_NON_LITERAL_NULL_CONVERSION = YES;
				CLANG_WARN_OBJC_IMPLICIT_RETAIN_SELF = YES;
				CLANG_WARN_OBJC_LITERAL_CONVERSION = YES;
				CLANG_WARN_OBJC_ROOT_CLASS = YES_ERROR;
				CLANG_WARN_RANGE_LOOP_ANALYSIS = YES;
				CLANG_WARN_STRICT_PROTOTYPES = YES;
				CLANG_WARN_SUSPICIOUS_MOVE = YES;
				CLANG_WARN_UNGUARDED_AVAILABILITY = YES_AGGRESSIVE;
				CLANG_WARN_UNREACHABLE_CODE = YES;
				CLANG_WARN__DUPLICATE_METHOD_MATCH = YES;
				CODE_SIGN_IDENTITY = "iPhone Developer";
				COPY_PHASE_STRIP = NO;
				DEBUG_INFORMATION_FORMAT = "dwarf-with-dsym";
				ENABLE_NS_ASSERTIONS = NO;
				ENABLE_STRICT_OBJC_MSGSEND = YES;
				GCC_C_LANGUAGE_STANDARD = gnu11;
				GCC_NO_COMMON_BLOCKS = YES;
				GCC_WARN_64_TO_32_BIT_CONVERSION = YES;
				GCC_WARN_ABOUT_RETURN_TYPE = YES_ERROR;
				GCC_WARN_UNDECLARED_SELECTOR = YES;
				GCC_WARN_UNINITIALIZED_AUTOS = YES_AGGRESSIVE;
				GCC_WARN_UNUSED_FUNCTION = YES;
				GCC_WARN_UNUSED_VARIABLE = YES;
				IPHONEOS_DEPLOYMENT_TARGET = 12.0;
				MTL_ENABLE_DEBUG_INFO = NO;
				MTL_FAST_MATH = YES;
				SDKROOT = iphoneos;
				SWIFT_COMPILATION_MODE = wholemodule;
				SWIFT_OPTIMIZATION_LEVEL = "-O";
				VALIDATE_PRODUCT = YES;
			};
			name = Release;
		};
		3F7152CE21F8499F008A8DBA /* Debug */ = {
			isa = XCBuildConfiguration;
			buildSettings = {
				ASSETCATALOG_COMPILER_APPICON_NAME = AppIcon;
				CODE_SIGN_STYLE = Automatic;
				INFOPLIST_FILE = tryGit/Info.plist;
				LD_RUNPATH_SEARCH_PATHS = (
					"$(inherited)",
					"@executable_path/Frameworks",
				);
				PRODUCT_BUNDLE_IDENTIFIER = sjbit.tryGit;
				PRODUCT_NAME = "$(TARGET_NAME)";
				SWIFT_VERSION = 4.2;
				TARGETED_DEVICE_FAMILY = "1,2";
			};
			name = Debug;
		};
		3F7152CF21F8499F008A8DBA /* Release */ = {
			isa = XCBuildConfiguration;
			buildSettings = {
				ASSETCATALOG_COMPILER_APPICON_NAME = AppIcon;
				CODE_SIGN_STYLE = Automatic;
				INFOPLIST_FILE = tryGit/Info.plist;
				LD_RUNPATH_SEARCH_PATHS = (
					"$(inherited)",
					"@executable_path/Frameworks",
				);
				PRODUCT_BUNDLE_IDENTIFIER = sjbit.tryGit;
				PRODUCT_NAME = "$(TARGET_NAME)";
				SWIFT_VERSION = 4.2;
				TARGETED_DEVICE_FAMILY = "1,2";
			};
			name = Release;
		};
		3F7152D121F8499F008A8DBA /* Debug */ = {
			isa = XCBuildConfiguration;
			buildSettings = {
				ALWAYS_EMBED_SWIFT_STANDARD_LIBRARIES = YES;
				BUNDLE_LOADER = "$(TEST_HOST)";
				CODE_SIGN_STYLE = Automatic;
				INFOPLIST_FILE = tryGitTests/Info.plist;
				LD_RUNPATH_SEARCH_PATHS = (
					"$(inherited)",
					"@executable_path/Frameworks",
					"@loader_path/Frameworks",
				);
				PRODUCT_BUNDLE_IDENTIFIER = sjbit.tryGitTests;
				PRODUCT_NAME = "$(TARGET_NAME)";
				SWIFT_VERSION = 4.2;
				TARGETED_DEVICE_FAMILY = "1,2";
				TEST_HOST = "$(BUILT_PRODUCTS_DIR)/tryGit.app/tryGit";
			};
			name = Debug;
		};
		3F7152D221F8499F008A8DBA /* Release */ = {
			isa = XCBuildConfiguration;
			buildSettings = {
				ALWAYS_EMBED_SWIFT_STANDARD_LIBRARIES = YES;
				BUNDLE_LOADER = "$(TEST_HOST)";
				CODE_SIGN_STYLE = Automatic;
				INFOPLIST_FILE = tryGitTests/Info.plist;
				LD_RUNPATH_SEARCH_PATHS = (
					"$(inherited)",
					"@executable_path/Frameworks",
					"@loader_path/Frameworks",
				);
				PRODUCT_BUNDLE_IDENTIFIER = sjbit.tryGitTests;
				PRODUCT_NAME = "$(TARGET_NAME)";
				SWIFT_VERSION = 4.2;
				TARGETED_DEVICE_FAMILY = "1,2";
				TEST_HOST = "$(BUILT_PRODUCTS_DIR)/tryGit.app/tryGit";
			};
			name = Release;
		};
		3F7152D421F8499F008A8DBA /* Debug */ = {
			isa = XCBuildConfiguration;
			buildSettings = {
				ALWAYS_EMBED_SWIFT_STANDARD_LIBRARIES = YES;
				CODE_SIGN_STYLE = Automatic;
				INFOPLIST_FILE = tryGitUITests/Info.plist;
				LD_RUNPATH_SEARCH_PATHS = (
					"$(inherited)",
					"@executable_path/Frameworks",
					"@loader_path/Frameworks",
				);
				PRODUCT_BUNDLE_IDENTIFIER = sjbit.tryGitUITests;
				PRODUCT_NAME = "$(TARGET_NAME)";
				SWIFT_VERSION = 4.2;
				TARGETED_DEVICE_FAMILY = "1,2";
				TEST_TARGET_NAME = tryGit;
			};
			name = Debug;
		};
		3F7152D521F8499F008A8DBA /* Release */ = {
			isa = XCBuildConfiguration;
			buildSettings = {
				ALWAYS_EMBED_SWIFT_STANDARD_LIBRARIES = YES;
				CODE_SIGN_STYLE = Automatic;
				INFOPLIST_FILE = tryGitUITests/Info.plist;
				LD_RUNPATH_SEARCH_PATHS = (
					"$(inherited)",
					"@executable_path/Frameworks",
					"@loader_path/Frameworks",
				);
				PRODUCT_BUNDLE_IDENTIFIER = sjbit.tryGitUITests;
				PRODUCT_NAME = "$(TARGET_NAME)";
				SWIFT_VERSION = 4.2;
				TARGETED_DEVICE_FAMILY = "1,2";
				TEST_TARGET_NAME = tryGit;
			};
			name = Release;
		};
/* End XCBuildConfiguration section */

/* Begin XCConfigurationList section */
		3F7152A021F8499B008A8DBA /* Build configuration list for PBXProject "tryGit" */ = {
			isa = XCConfigurationList;
			buildConfigurations = (
				3F7152CB21F8499F008A8DBA /* Debug */,
				3F7152CC21F8499F008A8DBA /* Release */,
			);
			defaultConfigurationIsVisible = 0;
			defaultConfigurationName = Release;
		};
		3F7152CD21F8499F008A8DBA /* Build configuration list for PBXNativeTarget "tryGit" */ = {
			isa = XCConfigurationList;
			buildConfigurations = (
				3F7152CE21F8499F008A8DBA /* Debug */,
				3F7152CF21F8499F008A8DBA /* Release */,
			);
			defaultConfigurationIsVisible = 0;
			defaultConfigurationName = Release;
		};
		3F7152D021F8499F008A8DBA /* Build configuration list for PBXNativeTarget "tryGitTests" */ = {
			isa = XCConfigurationList;
			buildConfigurations = (
				3F7152D121F8499F008A8DBA /* Debug */,
				3F7152D221F8499F008A8DBA /* Release */,
			);
			defaultConfigurationIsVisible = 0;
			defaultConfigurationName = Release;
		};
		3F7152D321F8499F008A8DBA /* Build configuration list for PBXNativeTarget "tryGitUITests" */ = {
			isa = XCConfigurationList;
			buildConfigurations = (
				3F7152D421F8499F008A8DBA /* Debug */,
				3F7152D521F8499F008A8DBA /* Release */,
			);
			defaultConfigurationIsVisible = 0;
			defaultConfigurationName = Release;
		};
/* End XCConfigurationList section */
	};
	rootObject = 3F71529D21F8499B008A8DBA /* Project object */;
}
